// !$*UTF8*$!
{
	archiveVersion = 1;
	classes = {
	};
	objectVersion = 51;
	objects = {

/* Begin PBXBuildFile section */
		34189D9579F74F65C40571FB /* Pods_LoodosChallange.framework in Frameworks */ = {isa = PBXBuildFile; fileRef = D2BA2543D5AA919F393B359E /* Pods_LoodosChallange.framework */; };
		6C454B9B25EA3F0C00823DEE /* ServiceManager.swift in Sources */ = {isa = PBXBuildFile; fileRef = 6C454B9A25EA3F0C00823DEE /* ServiceManager.swift */; };
		6C454B9E25EA3FEF00823DEE /* RequestModel.swift in Sources */ = {isa = PBXBuildFile; fileRef = 6C454B9D25EA3FEF00823DEE /* RequestModel.swift */; };
		6C454BA425EA401600823DEE /* Services.swift in Sources */ = {isa = PBXBuildFile; fileRef = 6C454BA325EA401600823DEE /* Services.swift */; };
		6C454BAA25EA493400823DEE /* ServicesConstant.swift in Sources */ = {isa = PBXBuildFile; fileRef = 6C454BA925EA493400823DEE /* ServicesConstant.swift */; };
		6C454BAD25EA49C800823DEE /* Constant.swift in Sources */ = {isa = PBXBuildFile; fileRef = 6C454BAC25EA49C800823DEE /* Constant.swift */; };
		6C4F140125EB8DA600643ACB /* HomeDetailViewController.swift in Sources */ = {isa = PBXBuildFile; fileRef = 6C4F140025EB8DA600643ACB /* HomeDetailViewController.swift */; };
		6C4F140425EB8DBD00643ACB /* HomeDetailViewModel.swift in Sources */ = {isa = PBXBuildFile; fileRef = 6C4F140325EB8DBD00643ACB /* HomeDetailViewModel.swift */; };
		6C4F140925EB9B8300643ACB /* HomeTableViewCell.swift in Sources */ = {isa = PBXBuildFile; fileRef = 6C4F140825EB9B8300643ACB /* HomeTableViewCell.swift */; };
		6C4F140C25EB9D7C00643ACB /* HomeSearchFilmDetailRequestModel.swift in Sources */ = {isa = PBXBuildFile; fileRef = 6C4F140B25EB9D7C00643ACB /* HomeSearchFilmDetailRequestModel.swift */; };
		6C4F140F25EBA7F800643ACB /* HomeSearchFilmDetailResponseModel.swift in Sources */ = {isa = PBXBuildFile; fileRef = 6C4F140E25EBA7F800643ACB /* HomeSearchFilmDetailResponseModel.swift */; };
		6C4F143625EC234800643ACB /* LoadingView.swift in Sources */ = {isa = PBXBuildFile; fileRef = 6C4F143525EC234800643ACB /* LoadingView.swift */; };
		6C7AE4B525EAAD8F00ECFCF1 /* HomeViewController.swift in Sources */ = {isa = PBXBuildFile; fileRef = 6C7AE4B425EAAD8F00ECFCF1 /* HomeViewController.swift */; };
		6C7AE4B825EAADD600ECFCF1 /* HomeViewModel.swift in Sources */ = {isa = PBXBuildFile; fileRef = 6C7AE4B725EAADD600ECFCF1 /* HomeViewModel.swift */; };
		6C7AE4BD25EABD5400ECFCF1 /* HomeSearchFilmsRequestModel.swift in Sources */ = {isa = PBXBuildFile; fileRef = 6C7AE4BC25EABD5400ECFCF1 /* HomeSearchFilmsRequestModel.swift */; };
		6C7AE4C025EABD8C00ECFCF1 /* HomeSearchFilmsResponseModel.swift in Sources */ = {isa = PBXBuildFile; fileRef = 6C7AE4BF25EABD8C00ECFCF1 /* HomeSearchFilmsResponseModel.swift */; };
		6CB56D0025E99AEF008CB50B /* AppDelegate.swift in Sources */ = {isa = PBXBuildFile; fileRef = 6CB56CFF25E99AEF008CB50B /* AppDelegate.swift */; };
		6CB56D0225E99AEF008CB50B /* SceneDelegate.swift in Sources */ = {isa = PBXBuildFile; fileRef = 6CB56D0125E99AEF008CB50B /* SceneDelegate.swift */; };
		6CB56D0425E99AEF008CB50B /* SplashViewController.swift in Sources */ = {isa = PBXBuildFile; fileRef = 6CB56D0325E99AEF008CB50B /* SplashViewController.swift */; };
		6CB56D0725E99AEF008CB50B /* Main.storyboard in Resources */ = {isa = PBXBuildFile; fileRef = 6CB56D0525E99AEF008CB50B /* Main.storyboard */; };
		6CB56D0925E99AF0008CB50B /* Assets.xcassets in Resources */ = {isa = PBXBuildFile; fileRef = 6CB56D0825E99AF0008CB50B /* Assets.xcassets */; };
		6CB56D0C25E99AF0008CB50B /* LaunchScreen.storyboard in Resources */ = {isa = PBXBuildFile; fileRef = 6CB56D0A25E99AF0008CB50B /* LaunchScreen.storyboard */; };
		6CB56D1D25E99CD8008CB50B /* UIStoryboard+Extension.swift in Sources */ = {isa = PBXBuildFile; fileRef = 6CB56D1C25E99CD8008CB50B /* UIStoryboard+Extension.swift */; };
		6CC6570025EA5F90001219A0 /* UIColor+Extension.swift in Sources */ = {isa = PBXBuildFile; fileRef = 6CC656FF25EA5F90001219A0 /* UIColor+Extension.swift */; };
		6CC6570625EA705F001219A0 /* GoogleService-Info.plist in Resources */ = {isa = PBXBuildFile; fileRef = 6CC6570525EA705F001219A0 /* GoogleService-Info.plist */; };
		6CC6572925EA8E57001219A0 /* SplashViewModel.swift in Sources */ = {isa = PBXBuildFile; fileRef = 6CC6572825EA8E57001219A0 /* SplashViewModel.swift */; };
		6CDF322025EA57DC0087F84E /* UILabel+Extension.swift in Sources */ = {isa = PBXBuildFile; fileRef = 6CDF321F25EA57DC0087F84E /* UILabel+Extension.swift */; };
/* End PBXBuildFile section */

/* Begin PBXFileReference section */
		6C454B9A25EA3F0C00823DEE /* ServiceManager.swift */ = {isa = PBXFileReference; lastKnownFileType = sourcecode.swift; path = ServiceManager.swift; sourceTree = "<group>"; };
		6C454B9D25EA3FEF00823DEE /* RequestModel.swift */ = {isa = PBXFileReference; lastKnownFileType = sourcecode.swift; path = RequestModel.swift; sourceTree = "<group>"; };
		6C454BA325EA401600823DEE /* Services.swift */ = {isa = PBXFileReference; lastKnownFileType = sourcecode.swift; path = Services.swift; sourceTree = "<group>"; };
		6C454BA925EA493400823DEE /* ServicesConstant.swift */ = {isa = PBXFileReference; lastKnownFileType = sourcecode.swift; path = ServicesConstant.swift; sourceTree = "<group>"; };
		6C454BAC25EA49C800823DEE /* Constant.swift */ = {isa = PBXFileReference; lastKnownFileType = sourcecode.swift; path = Constant.swift; sourceTree = "<group>"; };
		6C4F140025EB8DA600643ACB /* HomeDetailViewController.swift */ = {isa = PBXFileReference; lastKnownFileType = sourcecode.swift; path = HomeDetailViewController.swift; sourceTree = "<group>"; };
		6C4F140325EB8DBD00643ACB /* HomeDetailViewModel.swift */ = {isa = PBXFileReference; lastKnownFileType = sourcecode.swift; path = HomeDetailViewModel.swift; sourceTree = "<group>"; };
		6C4F140825EB9B8300643ACB /* HomeTableViewCell.swift */ = {isa = PBXFileReference; lastKnownFileType = sourcecode.swift; path = HomeTableViewCell.swift; sourceTree = "<group>"; };
		6C4F140B25EB9D7C00643ACB /* HomeSearchFilmDetailRequestModel.swift */ = {isa = PBXFileReference; lastKnownFileType = sourcecode.swift; path = HomeSearchFilmDetailRequestModel.swift; sourceTree = "<group>"; };
		6C4F140E25EBA7F800643ACB /* HomeSearchFilmDetailResponseModel.swift */ = {isa = PBXFileReference; lastKnownFileType = sourcecode.swift; path = HomeSearchFilmDetailResponseModel.swift; sourceTree = "<group>"; };
		6C4F143525EC234800643ACB /* LoadingView.swift */ = {isa = PBXFileReference; lastKnownFileType = sourcecode.swift; path = LoadingView.swift; sourceTree = "<group>"; };
		6C7AE4B425EAAD8F00ECFCF1 /* HomeViewController.swift */ = {isa = PBXFileReference; lastKnownFileType = sourcecode.swift; path = HomeViewController.swift; sourceTree = "<group>"; };
		6C7AE4B725EAADD600ECFCF1 /* HomeViewModel.swift */ = {isa = PBXFileReference; lastKnownFileType = sourcecode.swift; path = HomeViewModel.swift; sourceTree = "<group>"; };
		6C7AE4BC25EABD5400ECFCF1 /* HomeSearchFilmsRequestModel.swift */ = {isa = PBXFileReference; lastKnownFileType = sourcecode.swift; path = HomeSearchFilmsRequestModel.swift; sourceTree = "<group>"; };
		6C7AE4BF25EABD8C00ECFCF1 /* HomeSearchFilmsResponseModel.swift */ = {isa = PBXFileReference; lastKnownFileType = sourcecode.swift; path = HomeSearchFilmsResponseModel.swift; sourceTree = "<group>"; };
		6CB56CFC25E99AEF008CB50B /* LoodosChallange.app */ = {isa = PBXFileReference; explicitFileType = wrapper.application; includeInIndex = 0; path = LoodosChallange.app; sourceTree = BUILT_PRODUCTS_DIR; };
		6CB56CFF25E99AEF008CB50B /* AppDelegate.swift */ = {isa = PBXFileReference; lastKnownFileType = sourcecode.swift; path = AppDelegate.swift; sourceTree = "<group>"; };
		6CB56D0125E99AEF008CB50B /* SceneDelegate.swift */ = {isa = PBXFileReference; lastKnownFileType = sourcecode.swift; path = SceneDelegate.swift; sourceTree = "<group>"; };
		6CB56D0325E99AEF008CB50B /* SplashViewController.swift */ = {isa = PBXFileReference; lastKnownFileType = sourcecode.swift; path = SplashViewController.swift; sourceTree = "<group>"; };
		6CB56D0625E99AEF008CB50B /* Base */ = {isa = PBXFileReference; lastKnownFileType = file.storyboard; name = Base; path = Base.lproj/Main.storyboard; sourceTree = "<group>"; };
		6CB56D0825E99AF0008CB50B /* Assets.xcassets */ = {isa = PBXFileReference; lastKnownFileType = folder.assetcatalog; path = Assets.xcassets; sourceTree = "<group>"; };
		6CB56D0B25E99AF0008CB50B /* Base */ = {isa = PBXFileReference; lastKnownFileType = file.storyboard; name = Base; path = Base.lproj/LaunchScreen.storyboard; sourceTree = "<group>"; };
		6CB56D0D25E99AF0008CB50B /* Info.plist */ = {isa = PBXFileReference; lastKnownFileType = text.plist.xml; path = Info.plist; sourceTree = "<group>"; };
		6CB56D1C25E99CD8008CB50B /* UIStoryboard+Extension.swift */ = {isa = PBXFileReference; lastKnownFileType = sourcecode.swift; path = "UIStoryboard+Extension.swift"; sourceTree = "<group>"; };
		6CC656FF25EA5F90001219A0 /* UIColor+Extension.swift */ = {isa = PBXFileReference; lastKnownFileType = sourcecode.swift; path = "UIColor+Extension.swift"; sourceTree = "<group>"; };
		6CC6570525EA705F001219A0 /* GoogleService-Info.plist */ = {isa = PBXFileReference; fileEncoding = 4; lastKnownFileType = text.plist.xml; path = "GoogleService-Info.plist"; sourceTree = "<group>"; };
		6CC6572825EA8E57001219A0 /* SplashViewModel.swift */ = {isa = PBXFileReference; lastKnownFileType = sourcecode.swift; path = SplashViewModel.swift; sourceTree = "<group>"; };
		6CDF321F25EA57DC0087F84E /* UILabel+Extension.swift */ = {isa = PBXFileReference; lastKnownFileType = sourcecode.swift; path = "UILabel+Extension.swift"; sourceTree = "<group>"; };
		C6C69816CA9745F35CC62BEF /* Pods-LoodosChallange.release.xcconfig */ = {isa = PBXFileReference; includeInIndex = 1; lastKnownFileType = text.xcconfig; name = "Pods-LoodosChallange.release.xcconfig"; path = "Target Support Files/Pods-LoodosChallange/Pods-LoodosChallange.release.xcconfig"; sourceTree = "<group>"; };
		C80D8A6110B103A99AF509E4 /* Pods-LoodosChallange.debug.xcconfig */ = {isa = PBXFileReference; includeInIndex = 1; lastKnownFileType = text.xcconfig; name = "Pods-LoodosChallange.debug.xcconfig"; path = "Target Support Files/Pods-LoodosChallange/Pods-LoodosChallange.debug.xcconfig"; sourceTree = "<group>"; };
		D2BA2543D5AA919F393B359E /* Pods_LoodosChallange.framework */ = {isa = PBXFileReference; explicitFileType = wrapper.framework; includeInIndex = 0; path = Pods_LoodosChallange.framework; sourceTree = BUILT_PRODUCTS_DIR; };
/* End PBXFileReference section */

/* Begin PBXFrameworksBuildPhase section */
		6CB56CF925E99AEF008CB50B /* Frameworks */ = {
			isa = PBXFrameworksBuildPhase;
			buildActionMask = 2147483647;
			files = (
				34189D9579F74F65C40571FB /* Pods_LoodosChallange.framework in Frameworks */,
			);
			runOnlyForDeploymentPostprocessing = 0;
		};
/* End PBXFrameworksBuildPhase section */

/* Begin PBXGroup section */
		6C454B9725EA3EDC00823DEE /* Managers */ = {
			isa = PBXGroup;
			children = (
				6C454B9A25EA3F0C00823DEE /* ServiceManager.swift */,
			);
			path = Managers;
			sourceTree = "<group>";
		};
		6C454B9825EA3EE500823DEE /* Services */ = {
			isa = PBXGroup;
			children = (
				6C454BA325EA401600823DEE /* Services.swift */,
			);
			path = Services;
			sourceTree = "<group>";
		};
		6C454BA825EA489400823DEE /* Constant */ = {
			isa = PBXGroup;
			children = (
				6C454BAC25EA49C800823DEE /* Constant.swift */,
				6C454BA925EA493400823DEE /* ServicesConstant.swift */,
			);
			path = Constant;
			sourceTree = "<group>";
		};
		6C4F13FF25EB8D3500643ACB /* HomeDetail */ = {
			isa = PBXGroup;
			children = (
				6C4F140025EB8DA600643ACB /* HomeDetailViewController.swift */,
				6C4F140325EB8DBD00643ACB /* HomeDetailViewModel.swift */,
			);
			path = HomeDetail;
			sourceTree = "<group>";
		};
		6C4F140625EB8F2E00643ACB /* HomeDetailModel */ = {
			isa = PBXGroup;
			children = (
				6C4F140B25EB9D7C00643ACB /* HomeSearchFilmDetailRequestModel.swift */,
				6C4F140E25EBA7F800643ACB /* HomeSearchFilmDetailResponseModel.swift */,
			);
			path = HomeDetailModel;
			sourceTree = "<group>";
		};
		6C4F143425EC232D00643ACB /* UI Components */ = {
			isa = PBXGroup;
			children = (
				6C4F143525EC234800643ACB /* LoadingView.swift */,
			);
			path = "UI Components";
			sourceTree = "<group>";
		};
		6C7AE4B225EAAD5B00ECFCF1 /* Home */ = {
			isa = PBXGroup;
			children = (
				6C7AE4B425EAAD8F00ECFCF1 /* HomeViewController.swift */,
				6C7AE4B725EAADD600ECFCF1 /* HomeViewModel.swift */,
				6C4F140825EB9B8300643ACB /* HomeTableViewCell.swift */,
			);
			path = Home;
			sourceTree = "<group>";
		};
		6C7AE4BA25EAB26A00ECFCF1 /* HomeModel */ = {
			isa = PBXGroup;
			children = (
				6C7AE4BC25EABD5400ECFCF1 /* HomeSearchFilmsRequestModel.swift */,
				6C7AE4BF25EABD8C00ECFCF1 /* HomeSearchFilmsResponseModel.swift */,
			);
			path = HomeModel;
			sourceTree = "<group>";
		};
		6CB56CF325E99AEF008CB50B = {
			isa = PBXGroup;
			children = (
				6CB56CFE25E99AEF008CB50B /* LoodosChallange */,
				6CB56CFD25E99AEF008CB50B /* Products */,
				B3172B19448315DDA9F5D0B3 /* Pods */,
				9186A5CE07CA4EC6C098C090 /* Frameworks */,
			);
			sourceTree = "<group>";
		};
		6CB56CFD25E99AEF008CB50B /* Products */ = {
			isa = PBXGroup;
			children = (
				6CB56CFC25E99AEF008CB50B /* LoodosChallange.app */,
			);
			name = Products;
			sourceTree = "<group>";
		};
		6CB56CFE25E99AEF008CB50B /* LoodosChallange */ = {
			isa = PBXGroup;
			children = (
				6CC6570525EA705F001219A0 /* GoogleService-Info.plist */,
				6C454BA825EA489400823DEE /* Constant */,
				6CB56D1B25E99CBC008CB50B /* Extension */,
				6CB56D1725E99B91008CB50B /* Models */,
				6CB56D1425E99AFB008CB50B /* Networking */,
				6CB56D1825E99BA3008CB50B /* Resources */,
				6CB56D1525E99B06008CB50B /* Supports */,
				6CB56D1625E99B7B008CB50B /* UI */,
				6C4F143425EC232D00643ACB /* UI Components */,
			);
			path = LoodosChallange;
			sourceTree = "<group>";
		};
		6CB56D1425E99AFB008CB50B /* Networking */ = {
			isa = PBXGroup;
			children = (
				6C454B9725EA3EDC00823DEE /* Managers */,
				6C454B9825EA3EE500823DEE /* Services */,
			);
			path = Networking;
			sourceTree = "<group>";
		};
		6CB56D1525E99B06008CB50B /* Supports */ = {
			isa = PBXGroup;
			children = (
				6CB56D0D25E99AF0008CB50B /* Info.plist */,
				6CB56CFF25E99AEF008CB50B /* AppDelegate.swift */,
				6CB56D0125E99AEF008CB50B /* SceneDelegate.swift */,
			);
			path = Supports;
			sourceTree = "<group>";
		};
		6CB56D1625E99B7B008CB50B /* UI */ = {
			isa = PBXGroup;
			children = (
				6CB56D1A25E99BDD008CB50B /* Screens */,
				6CB56D1925E99BC8008CB50B /* Storyboard */,
			);
			path = UI;
			sourceTree = "<group>";
		};
		6CB56D1725E99B91008CB50B /* Models */ = {
			isa = PBXGroup;
			children = (
				6C454B9D25EA3FEF00823DEE /* RequestModel.swift */,
				6C4F140625EB8F2E00643ACB /* HomeDetailModel */,
				6C7AE4BA25EAB26A00ECFCF1 /* HomeModel */,
			);
			path = Models;
			sourceTree = "<group>";
		};
		6CB56D1825E99BA3008CB50B /* Resources */ = {
			isa = PBXGroup;
			children = (
				6CB56D0825E99AF0008CB50B /* Assets.xcassets */,
			);
			path = Resources;
			sourceTree = "<group>";
		};
		6CB56D1925E99BC8008CB50B /* Storyboard */ = {
			isa = PBXGroup;
			children = (
				6CB56D0525E99AEF008CB50B /* Main.storyboard */,
			);
			path = Storyboard;
			sourceTree = "<group>";
		};
		6CB56D1A25E99BDD008CB50B /* Screens */ = {
			isa = PBXGroup;
			children = (
				6C4F13FF25EB8D3500643ACB /* HomeDetail */,
				6C7AE4B225EAAD5B00ECFCF1 /* Home */,
				6CDF321D25EA56970087F84E /* Splash */,
				6CB56D0A25E99AF0008CB50B /* LaunchScreen.storyboard */,
			);
			path = Screens;
			sourceTree = "<group>";
		};
		6CB56D1B25E99CBC008CB50B /* Extension */ = {
			isa = PBXGroup;
			children = (
				6CB56D2325E99D4A008CB50B /* UIKit */,
			);
			path = Extension;
			sourceTree = "<group>";
		};
		6CB56D2325E99D4A008CB50B /* UIKit */ = {
			isa = PBXGroup;
			children = (
				6CC656FF25EA5F90001219A0 /* UIColor+Extension.swift */,
				6CDF321F25EA57DC0087F84E /* UILabel+Extension.swift */,
				6CB56D1C25E99CD8008CB50B /* UIStoryboard+Extension.swift */,
			);
			path = UIKit;
			sourceTree = "<group>";
		};
		6CDF321D25EA56970087F84E /* Splash */ = {
			isa = PBXGroup;
			children = (
				6CB56D0325E99AEF008CB50B /* SplashViewController.swift */,
				6CC6572825EA8E57001219A0 /* SplashViewModel.swift */,
			);
			path = Splash;
			sourceTree = "<group>";
		};
		9186A5CE07CA4EC6C098C090 /* Frameworks */ = {
			isa = PBXGroup;
			children = (
				D2BA2543D5AA919F393B359E /* Pods_LoodosChallange.framework */,
			);
			name = Frameworks;
			sourceTree = "<group>";
		};
		B3172B19448315DDA9F5D0B3 /* Pods */ = {
			isa = PBXGroup;
			children = (
				C80D8A6110B103A99AF509E4 /* Pods-LoodosChallange.debug.xcconfig */,
				C6C69816CA9745F35CC62BEF /* Pods-LoodosChallange.release.xcconfig */,
			);
			path = Pods;
			sourceTree = "<group>";
		};
/* End PBXGroup section */

/* Begin PBXNativeTarget section */
		6CB56CFB25E99AEF008CB50B /* LoodosChallange */ = {
			isa = PBXNativeTarget;
			buildConfigurationList = 6CB56D1025E99AF0008CB50B /* Build configuration list for PBXNativeTarget "LoodosChallange" */;
			buildPhases = (
				488B2B9467CB83B3732BD5B4 /* [CP] Check Pods Manifest.lock */,
				6CB56CF825E99AEF008CB50B /* Sources */,
				6CB56CF925E99AEF008CB50B /* Frameworks */,
				6CB56CFA25E99AEF008CB50B /* Resources */,
				BF370561C9F7E324123182A1 /* [CP] Embed Pods Frameworks */,
			);
			buildRules = (
			);
			dependencies = (
			);
			name = LoodosChallange;
			productName = LoodosChallange;
			productReference = 6CB56CFC25E99AEF008CB50B /* LoodosChallange.app */;
			productType = "com.apple.product-type.application";
		};
/* End PBXNativeTarget section */

/* Begin PBXProject section */
		6CB56CF425E99AEF008CB50B /* Project object */ = {
			isa = PBXProject;
			attributes = {
				LastSwiftUpdateCheck = 1240;
				LastUpgradeCheck = 1240;
				TargetAttributes = {
					6CB56CFB25E99AEF008CB50B = {
						CreatedOnToolsVersion = 12.4;
					};
				};
			};
			buildConfigurationList = 6CB56CF725E99AEF008CB50B /* Build configuration list for PBXProject "LoodosChallange" */;
			compatibilityVersion = "Xcode 9.3";
			developmentRegion = en;
			hasScannedForEncodings = 0;
			knownRegions = (
				en,
				Base,
			);
			mainGroup = 6CB56CF325E99AEF008CB50B;
			productRefGroup = 6CB56CFD25E99AEF008CB50B /* Products */;
			projectDirPath = "";
			projectRoot = "";
			targets = (
				6CB56CFB25E99AEF008CB50B /* LoodosChallange */,
			);
		};
/* End PBXProject section */

/* Begin PBXResourcesBuildPhase section */
		6CB56CFA25E99AEF008CB50B /* Resources */ = {
			isa = PBXResourcesBuildPhase;
			buildActionMask = 2147483647;
			files = (
				6CB56D0C25E99AF0008CB50B /* LaunchScreen.storyboard in Resources */,
				6CC6570625EA705F001219A0 /* GoogleService-Info.plist in Resources */,
				6CB56D0925E99AF0008CB50B /* Assets.xcassets in Resources */,
				6CB56D0725E99AEF008CB50B /* Main.storyboard in Resources */,
			);
			runOnlyForDeploymentPostprocessing = 0;
		};
/* End PBXResourcesBuildPhase section */

/* Begin PBXShellScriptBuildPhase section */
		488B2B9467CB83B3732BD5B4 /* [CP] Check Pods Manifest.lock */ = {
			isa = PBXShellScriptBuildPhase;
			buildActionMask = 2147483647;
			files = (
			);
			inputFileListPaths = (
			);
			inputPaths = (
				"${PODS_PODFILE_DIR_PATH}/Podfile.lock",
				"${PODS_ROOT}/Manifest.lock",
			);
			name = "[CP] Check Pods Manifest.lock";
			outputFileListPaths = (
			);
			outputPaths = (
				"$(DERIVED_FILE_DIR)/Pods-LoodosChallange-checkManifestLockResult.txt",
			);
			runOnlyForDeploymentPostprocessing = 0;
			shellPath = /bin/sh;
			shellScript = "diff \"${PODS_PODFILE_DIR_PATH}/Podfile.lock\" \"${PODS_ROOT}/Manifest.lock\" > /dev/null\nif [ $? != 0 ] ; then\n    # print error to STDERR\n    echo \"error: The sandbox is not in sync with the Podfile.lock. Run 'pod install' or update your CocoaPods installation.\" >&2\n    exit 1\nfi\n# This output is used by Xcode 'outputs' to avoid re-running this script phase.\necho \"SUCCESS\" > \"${SCRIPT_OUTPUT_FILE_0}\"\n";
			showEnvVarsInLog = 0;
		};
		BF370561C9F7E324123182A1 /* [CP] Embed Pods Frameworks */ = {
			isa = PBXShellScriptBuildPhase;
			buildActionMask = 2147483647;
			files = (
			);
			inputFileListPaths = (
				"${PODS_ROOT}/Target Support Files/Pods-LoodosChallange/Pods-LoodosChallange-frameworks-${CONFIGURATION}-input-files.xcfilelist",
			);
			name = "[CP] Embed Pods Frameworks";
			outputFileListPaths = (
				"${PODS_ROOT}/Target Support Files/Pods-LoodosChallange/Pods-LoodosChallange-frameworks-${CONFIGURATION}-output-files.xcfilelist",
			);
			runOnlyForDeploymentPostprocessing = 0;
			shellPath = /bin/sh;
			shellScript = "\"${PODS_ROOT}/Target Support Files/Pods-LoodosChallange/Pods-LoodosChallange-frameworks.sh\"\n";
			showEnvVarsInLog = 0;
		};
/* End PBXShellScriptBuildPhase section */

/* Begin PBXSourcesBuildPhase section */
		6CB56CF825E99AEF008CB50B /* Sources */ = {
			isa = PBXSourcesBuildPhase;
			buildActionMask = 2147483647;
			files = (
				6C4F140F25EBA7F800643ACB /* HomeSearchFilmDetailResponseModel.swift in Sources */,
				6C7AE4BD25EABD5400ECFCF1 /* HomeSearchFilmsRequestModel.swift in Sources */,
				6CB56D0425E99AEF008CB50B /* SplashViewController.swift in Sources */,
				6C4F143625EC234800643ACB /* LoadingView.swift in Sources */,
				6CB56D0025E99AEF008CB50B /* AppDelegate.swift in Sources */,
				6CDF322025EA57DC0087F84E /* UILabel+Extension.swift in Sources */,
				6C4F140C25EB9D7C00643ACB /* HomeSearchFilmDetailRequestModel.swift in Sources */,
				6CC6570025EA5F90001219A0 /* UIColor+Extension.swift in Sources */,
				6C454BAD25EA49C800823DEE /* Constant.swift in Sources */,
				6C7AE4B525EAAD8F00ECFCF1 /* HomeViewController.swift in Sources */,
				6C4F140425EB8DBD00643ACB /* HomeDetailViewModel.swift in Sources */,
				6C4F140925EB9B8300643ACB /* HomeTableViewCell.swift in Sources */,
				6CB56D1D25E99CD8008CB50B /* UIStoryboard+Extension.swift in Sources */,
				6C454B9E25EA3FEF00823DEE /* RequestModel.swift in Sources */,
				6CC6572925EA8E57001219A0 /* SplashViewModel.swift in Sources */,
				6CB56D0225E99AEF008CB50B /* SceneDelegate.swift in Sources */,
				6C4F140125EB8DA600643ACB /* HomeDetailViewController.swift in Sources */,
				6C454BA425EA401600823DEE /* Services.swift in Sources */,
				6C454B9B25EA3F0C00823DEE /* ServiceManager.swift in Sources */,
				6C7AE4B825EAADD600ECFCF1 /* HomeViewModel.swift in Sources */,
				6C7AE4C025EABD8C00ECFCF1 /* HomeSearchFilmsResponseModel.swift in Sources */,
				6C454BAA25EA493400823DEE /* ServicesConstant.swift in Sources */,
			);
			runOnlyForDeploymentPostprocessing = 0;
		};
/* End PBXSourcesBuildPhase section */

/* Begin PBXVariantGroup section */
		6CB56D0525E99AEF008CB50B /* Main.storyboard */ = {
			isa = PBXVariantGroup;
			children = (
				6CB56D0625E99AEF008CB50B /* Base */,
			);
			name = Main.storyboard;
			sourceTree = "<group>";
		};
		6CB56D0A25E99AF0008CB50B /* LaunchScreen.storyboard */ = {
			isa = PBXVariantGroup;
			children = (
				6CB56D0B25E99AF0008CB50B /* Base */,
			);
			name = LaunchScreen.storyboard;
			sourceTree = "<group>";
		};
/* End PBXVariantGroup section */

/* Begin XCBuildConfiguration section */
		6CB56D0E25E99AF0008CB50B /* Debug */ = {
			isa = XCBuildConfiguration;
			buildSettings = {
				ALWAYS_SEARCH_USER_PATHS = NO;
				CLANG_ANALYZER_NONNULL = YES;
				CLANG_ANALYZER_NUMBER_OBJECT_CONVERSION = YES_AGGRESSIVE;
				CLANG_CXX_LANGUAGE_STANDARD = "gnu++14";
				CLANG_CXX_LIBRARY = "libc++";
				CLANG_ENABLE_MODULES = YES;
				CLANG_ENABLE_OBJC_ARC = YES;
				CLANG_ENABLE_OBJC_WEAK = YES;
				CLANG_WARN_BLOCK_CAPTURE_AUTORELEASING = YES;
				CLANG_WARN_BOOL_CONVERSION = YES;
				CLANG_WARN_COMMA = YES;
				CLANG_WARN_CONSTANT_CONVERSION = YES;
				CLANG_WARN_DEPRECATED_OBJC_IMPLEMENTATIONS = YES;
				CLANG_WARN_DIRECT_OBJC_ISA_USAGE = YES_ERROR;
				CLANG_WARN_DOCUMENTATION_COMMENTS = YES;
				CLANG_WARN_EMPTY_BODY = YES;
				CLANG_WARN_ENUM_CONVERSION = YES;
				CLANG_WARN_INFINITE_RECURSION = YES;
				CLANG_WARN_INT_CONVERSION = YES;
				CLANG_WARN_NON_LITERAL_NULL_CONVERSION = YES;
				CLANG_WARN_OBJC_IMPLICIT_RETAIN_SELF = YES;
				CLANG_WARN_OBJC_LITERAL_CONVERSION = YES;
				CLANG_WARN_OBJC_ROOT_CLASS = YES_ERROR;
				CLANG_WARN_QUOTED_INCLUDE_IN_FRAMEWORK_HEADER = YES;
				CLANG_WARN_RANGE_LOOP_ANALYSIS = YES;
				CLANG_WARN_STRICT_PROTOTYPES = YES;
				CLANG_WARN_SUSPICIOUS_MOVE = YES;
				CLANG_WARN_UNGUARDED_AVAILABILITY = YES_AGGRESSIVE;
				CLANG_WARN_UNREACHABLE_CODE = YES;
				CLANG_WARN__DUPLICATE_METHOD_MATCH = YES;
				COPY_PHASE_STRIP = NO;
				DEBUG_INFORMATION_FORMAT = dwarf;
				ENABLE_STRICT_OBJC_MSGSEND = YES;
				ENABLE_TESTABILITY = YES;
				GCC_C_LANGUAGE_STANDARD = gnu11;
				GCC_DYNAMIC_NO_PIC = NO;
				GCC_NO_COMMON_BLOCKS = YES;
				GCC_OPTIMIZATION_LEVEL = 0;
				GCC_PREPROCESSOR_DEFINITIONS = (
					"DEBUG=1",
					"$(inherited)",
				);
				GCC_WARN_64_TO_32_BIT_CONVERSION = YES;
				GCC_WARN_ABOUT_RETURN_TYPE = YES_ERROR;
				GCC_WARN_UNDECLARED_SELECTOR = YES;
				GCC_WARN_UNINITIALIZED_AUTOS = YES_AGGRESSIVE;
				GCC_WARN_UNUSED_FUNCTION = YES;
				GCC_WARN_UNUSED_VARIABLE = YES;
				IPHONEOS_DEPLOYMENT_TARGET = 14.4;
				MTL_ENABLE_DEBUG_INFO = INCLUDE_SOURCE;
				MTL_FAST_MATH = YES;
				ONLY_ACTIVE_ARCH = YES;
				SDKROOT = iphoneos;
				SWIFT_ACTIVE_COMPILATION_CONDITIONS = DEBUG;
				SWIFT_OPTIMIZATION_LEVEL = "-Onone";
			};
			name = Debug;
		};
		6CB56D0F25E99AF0008CB50B /* Release */ = {
			isa = XCBuildConfiguration;
			buildSettings = {
				ALWAYS_SEARCH_USER_PATHS = NO;
				CLANG_ANALYZER_NONNULL = YES;
				CLANG_ANALYZER_NUMBER_OBJECT_CONVERSION = YES_AGGRESSIVE;
				CLANG_CXX_LANGUAGE_STANDARD = "gnu++14";
				CLANG_CXX_LIBRARY = "libc++";
				CLANG_ENABLE_MODULES = YES;
				CLANG_ENABLE_OBJC_ARC = YES;
				CLANG_ENABLE_OBJC_WEAK = YES;
				CLANG_WARN_BLOCK_CAPTURE_AUTORELEASING = YES;
				CLANG_WARN_BOOL_CONVERSION = YES;
				CLANG_WARN_COMMA = YES;
				CLANG_WARN_CONSTANT_CONVERSION = YES;
				CLANG_WARN_DEPRECATED_OBJC_IMPLEMENTATIONS = YES;
				CLANG_WARN_DIRECT_OBJC_ISA_USAGE = YES_ERROR;
				CLANG_WARN_DOCUMENTATION_COMMENTS = YES;
				CLANG_WARN_EMPTY_BODY = YES;
				CLANG_WARN_ENUM_CONVERSION = YES;
				CLANG_WARN_INFINITE_RECURSION = YES;
				CLANG_WARN_INT_CONVERSION = YES;
				CLANG_WARN_NON_LITERAL_NULL_CONVERSION = YES;
				CLANG_WARN_OBJC_IMPLICIT_RETAIN_SELF = YES;
				CLANG_WARN_OBJC_LITERAL_CONVERSION = YES;
				CLANG_WARN_OBJC_ROOT_CLASS = YES_ERROR;
				CLANG_WARN_QUOTED_INCLUDE_IN_FRAMEWORK_HEADER = YES;
				CLANG_WARN_RANGE_LOOP_ANALYSIS = YES;
				CLANG_WARN_STRICT_PROTOTYPES = YES;
				CLANG_WARN_SUSPICIOUS_MOVE = YES;
				CLANG_WARN_UNGUARDED_AVAILABILITY = YES_AGGRESSIVE;
				CLANG_WARN_UNREACHABLE_CODE = YES;
				CLANG_WARN__DUPLICATE_METHOD_MATCH = YES;
				COPY_PHASE_STRIP = NO;
				DEBUG_INFORMATION_FORMAT = "dwarf-with-dsym";
				ENABLE_NS_ASSERTIONS = NO;
				ENABLE_STRICT_OBJC_MSGSEND = YES;
				GCC_C_LANGUAGE_STANDARD = gnu11;
				GCC_NO_COMMON_BLOCKS = YES;
				GCC_WARN_64_TO_32_BIT_CONVERSION = YES;
				GCC_WARN_ABOUT_RETURN_TYPE = YES_ERROR;
				GCC_WARN_UNDECLARED_SELECTOR = YES;
				GCC_WARN_UNINITIALIZED_AUTOS = YES_AGGRESSIVE;
				GCC_WARN_UNUSED_FUNCTION = YES;
				GCC_WARN_UNUSED_VARIABLE = YES;
				IPHONEOS_DEPLOYMENT_TARGET = 14.4;
				MTL_ENABLE_DEBUG_INFO = NO;
				MTL_FAST_MATH = YES;
				SDKROOT = iphoneos;
				SWIFT_COMPILATION_MODE = wholemodule;
				SWIFT_OPTIMIZATION_LEVEL = "-O";
				VALIDATE_PRODUCT = YES;
			};
			name = Release;
		};
		6CB56D1125E99AF0008CB50B /* Debug */ = {
			isa = XCBuildConfiguration;
			baseConfigurationReference = C80D8A6110B103A99AF509E4 /* Pods-LoodosChallange.debug.xcconfig */;
			buildSettings = {
				ASSETCATALOG_COMPILER_APPICON_NAME = AppIcon;
				ASSETCATALOG_COMPILER_GLOBAL_ACCENT_COLOR_NAME = AccentColor;
				CODE_SIGN_STYLE = Automatic;
				DEVELOPMENT_TEAM = XHH4CM69KV;
				INFOPLIST_FILE = LoodosChallange/Supports/Info.plist;
				LD_RUNPATH_SEARCH_PATHS = (
					"$(inherited)",
					"@executable_path/Frameworks",
				);
				PRODUCT_BUNDLE_IDENTIFIER = com.yunusmakan.LoodosChallange;
				PRODUCT_NAME = "$(TARGET_NAME)";
				SWIFT_VERSION = 5.0;
				TARGETED_DEVICE_FAMILY = "1,2";
			};
			name = Debug;
		};
		6CB56D1225E99AF0008CB50B /* Release */ = {
			isa = XCBuildConfiguration;
			baseConfigurationReference = C6C69816CA9745F35CC62BEF /* Pods-LoodosChallange.release.xcconfig */;
			buildSettings = {
				ASSETCATALOG_COMPILER_APPICON_NAME = AppIcon;
				ASSETCATALOG_COMPILER_GLOBAL_ACCENT_COLOR_NAME = AccentColor;
				CODE_SIGN_STYLE = Automatic;
				DEVELOPMENT_TEAM = XHH4CM69KV;
				INFOPLIST_FILE = LoodosChallange/Supports/Info.plist;
				LD_RUNPATH_SEARCH_PATHS = (
					"$(inherited)",
					"@executable_path/Frameworks",
				);
				PRODUCT_BUNDLE_IDENTIFIER = com.yunusmakan.LoodosChallange;
				PRODUCT_NAME = "$(TARGET_NAME)";
				SWIFT_VERSION = 5.0;
				TARGETED_DEVICE_FAMILY = "1,2";
			};
			name = Release;
		};
/* End XCBuildConfiguration section */

/* Begin XCConfigurationList section */
		6CB56CF725E99AEF008CB50B /* Build configuration list for PBXProject "LoodosChallange" */ = {
			isa = XCConfigurationList;
			buildConfigurations = (
				6CB56D0E25E99AF0008CB50B /* Debug */,
				6CB56D0F25E99AF0008CB50B /* Release */,
			);
			defaultConfigurationIsVisible = 0;
			defaultConfigurationName = Release;
		};
		6CB56D1025E99AF0008CB50B /* Build configuration list for PBXNativeTarget "LoodosChallange" */ = {
			isa = XCConfigurationList;
			buildConfigurations = (
				6CB56D1125E99AF0008CB50B /* Debug */,
				6CB56D1225E99AF0008CB50B /* Release */,
			);
			defaultConfigurationIsVisible = 0;
			defaultConfigurationName = Release;
		};
/* End XCConfigurationList section */
	};
	rootObject = 6CB56CF425E99AEF008CB50B /* Project object */;
}
